// !$*UTF8*$!
{
	archiveVersion = 1;
	classes = {
	};
	objectVersion = 50;
	objects = {

/* Begin PBXBuildFile section */
		AF59B2CE266D171300F3B9DE /* PracticeApp.swift in Sources */ = {isa = PBXBuildFile; fileRef = AF59B2CD266D171300F3B9DE /* PracticeApp.swift */; };
		AF59B2D0266D171300F3B9DE /* RecipeListView.swift in Sources */ = {isa = PBXBuildFile; fileRef = AF59B2CF266D171300F3B9DE /* RecipeListView.swift */; };
		AF59B2D2266D171400F3B9DE /* Assets.xcassets in Resources */ = {isa = PBXBuildFile; fileRef = AF59B2D1266D171400F3B9DE /* Assets.xcassets */; };
		AF59B2D5266D171400F3B9DE /* Preview Assets.xcassets in Resources */ = {isa = PBXBuildFile; fileRef = AF59B2D4266D171400F3B9DE /* Preview Assets.xcassets */; };
		AF9E6BC0266DC66600D57289 /* recipes.json in Resources */ = {isa = PBXBuildFile; fileRef = AF9E6BBF266DC66600D57289 /* recipes.json */; };
		AF9E6BC5266DCA8700D57289 /* Recipe.swift in Sources */ = {isa = PBXBuildFile; fileRef = AF9E6BC4266DCA8700D57289 /* Recipe.swift */; };
		AF9E6BC7266DCA9A00D57289 /* RecipeModel.swift in Sources */ = {isa = PBXBuildFile; fileRef = AF9E6BC6266DCA9A00D57289 /* RecipeModel.swift */; };
		AF9E6BCA266DCEA800D57289 /* DataService.swift in Sources */ = {isa = PBXBuildFile; fileRef = AF9E6BC9266DCEA800D57289 /* DataService.swift */; };
/* End PBXBuildFile section */

/* Begin PBXFileReference section */
		AF59B2CA266D171300F3B9DE /* Practice.app */ = {isa = PBXFileReference; explicitFileType = wrapper.application; includeInIndex = 0; path = Practice.app; sourceTree = BUILT_PRODUCTS_DIR; };
		AF59B2CD266D171300F3B9DE /* PracticeApp.swift */ = {isa = PBXFileReference; lastKnownFileType = sourcecode.swift; path = PracticeApp.swift; sourceTree = "<group>"; };
		AF59B2CF266D171300F3B9DE /* RecipeListView.swift */ = {isa = PBXFileReference; lastKnownFileType = sourcecode.swift; path = RecipeListView.swift; sourceTree = "<group>"; };
		AF59B2D1266D171400F3B9DE /* Assets.xcassets */ = {isa = PBXFileReference; lastKnownFileType = folder.assetcatalog; path = Assets.xcassets; sourceTree = "<group>"; };
		AF59B2D4266D171400F3B9DE /* Preview Assets.xcassets */ = {isa = PBXFileReference; lastKnownFileType = folder.assetcatalog; path = "Preview Assets.xcassets"; sourceTree = "<group>"; };
		AF59B2D6266D171400F3B9DE /* Info.plist */ = {isa = PBXFileReference; lastKnownFileType = text.plist.xml; path = Info.plist; sourceTree = "<group>"; };
		AF9E6BBF266DC66600D57289 /* recipes.json */ = {isa = PBXFileReference; fileEncoding = 4; lastKnownFileType = text.json; path = recipes.json; sourceTree = "<group>"; };
		AF9E6BC4266DCA8700D57289 /* Recipe.swift */ = {isa = PBXFileReference; lastKnownFileType = sourcecode.swift; path = Recipe.swift; sourceTree = "<group>"; };
		AF9E6BC6266DCA9A00D57289 /* RecipeModel.swift */ = {isa = PBXFileReference; lastKnownFileType = sourcecode.swift; path = RecipeModel.swift; sourceTree = "<group>"; };
		AF9E6BC9266DCEA800D57289 /* DataService.swift */ = {isa = PBXFileReference; lastKnownFileType = sourcecode.swift; path = DataService.swift; sourceTree = "<group>"; };
/* End PBXFileReference section */

/* Begin PBXFrameworksBuildPhase section */
		AF59B2C7266D171300F3B9DE /* Frameworks */ = {
			isa = PBXFrameworksBuildPhase;
			buildActionMask = 2147483647;
			files = (
			);
			runOnlyForDeploymentPostprocessing = 0;
		};
/* End PBXFrameworksBuildPhase section */

/* Begin PBXGroup section */
		AF59B2C1266D171300F3B9DE = {
			isa = PBXGroup;
			children = (
				AF59B2CC266D171300F3B9DE /* Practice */,
				AF59B2CB266D171300F3B9DE /* Products */,
			);
			sourceTree = "<group>";
		};
		AF59B2CB266D171300F3B9DE /* Products */ = {
			isa = PBXGroup;
			children = (
				AF59B2CA266D171300F3B9DE /* Practice.app */,
			);
			name = Products;
			sourceTree = "<group>";
		};
		AF59B2CC266D171300F3B9DE /* Practice */ = {
			isa = PBXGroup;
			children = (
				AF59B2CD266D171300F3B9DE /* PracticeApp.swift */,
				AF9E6BC1266DCA3700D57289 /* View */,
				AF9E6BC3266DCA4600D57289 /* ViewModel */,
				AF9E6BC2266DCA4000D57289 /* Model */,
				AF9E6BC8266DCE8D00D57289 /* Service */,
				AF59B2D1266D171400F3B9DE /* Assets.xcassets */,
				AF9E6BBF266DC66600D57289 /* recipes.json */,
				AF59B2D6266D171400F3B9DE /* Info.plist */,
				AF59B2D3266D171400F3B9DE /* Preview Content */,
			);
			path = Practice;
			sourceTree = "<group>";
		};
		AF59B2D3266D171400F3B9DE /* Preview Content */ = {
			isa = PBXGroup;
			children = (
				AF59B2D4266D171400F3B9DE /* Preview Assets.xcassets */,
			);
			path = "Preview Content";
			sourceTree = "<group>";
		};
		AF9E6BC1266DCA3700D57289 /* View */ = {
			isa = PBXGroup;
			children = (
				AF59B2CF266D171300F3B9DE /* RecipeListView.swift */,
			);
			path = View;
			sourceTree = "<group>";
		};
		AF9E6BC2266DCA4000D57289 /* Model */ = {
			isa = PBXGroup;
			children = (
				AF9E6BC4266DCA8700D57289 /* Recipe.swift */,
			);
			path = Model;
			sourceTree = "<group>";
		};
		AF9E6BC3266DCA4600D57289 /* ViewModel */ = {
			isa = PBXGroup;
			children = (
				AF9E6BC6266DCA9A00D57289 /* RecipeModel.swift */,
			);
			path = ViewModel;
			sourceTree = "<group>";
		};
		AF9E6BC8266DCE8D00D57289 /* Service */ = {
			isa = PBXGroup;
			children = (
				AF9E6BC9266DCEA800D57289 /* DataService.swift */,
			);
			path = Service;
			sourceTree = "<group>";
		};
/* End PBXGroup section */

/* Begin PBXNativeTarget section */
		AF59B2C9266D171300F3B9DE /* Practice */ = {
			isa = PBXNativeTarget;
			buildConfigurationList = AF59B2D9266D171400F3B9DE /* Build configuration list for PBXNativeTarget "Practice" */;
			buildPhases = (
				AF59B2C6266D171300F3B9DE /* Sources */,
				AF59B2C7266D171300F3B9DE /* Frameworks */,
				AF59B2C8266D171300F3B9DE /* Resources */,
			);
			buildRules = (
			);
			dependencies = (
			);
			name = Practice;
			productName = Practice;
			productReference = AF59B2CA266D171300F3B9DE /* Practice.app */;
			productType = "com.apple.product-type.application";
		};
/* End PBXNativeTarget section */

/* Begin PBXProject section */
		AF59B2C2266D171300F3B9DE /* Project object */ = {
			isa = PBXProject;
			attributes = {
				LastSwiftUpdateCheck = 1250;
				LastUpgradeCheck = 1250;
				TargetAttributes = {
					AF59B2C9266D171300F3B9DE = {
						CreatedOnToolsVersion = 12.5;
					};
				};
			};
			buildConfigurationList = AF59B2C5266D171300F3B9DE /* Build configuration list for PBXProject "Practice" */;
			compatibilityVersion = "Xcode 9.3";
			developmentRegion = en;
			hasScannedForEncodings = 0;
			knownRegions = (
				en,
				Base,
			);
			mainGroup = AF59B2C1266D171300F3B9DE;
			productRefGroup = AF59B2CB266D171300F3B9DE /* Products */;
			projectDirPath = "";
			projectRoot = "";
			targets = (
				AF59B2C9266D171300F3B9DE /* Practice */,
			);
		};
/* End PBXProject section */

/* Begin PBXResourcesBuildPhase section */
		AF59B2C8266D171300F3B9DE /* Resources */ = {
			isa = PBXResourcesBuildPhase;
			buildActionMask = 2147483647;
			files = (
				AF59B2D5266D171400F3B9DE /* Preview Assets.xcassets in Resources */,
				AF9E6BC0266DC66600D57289 /* recipes.json in Resources */,
				AF59B2D2266D171400F3B9DE /* Assets.xcassets in Resources */,
			);
			runOnlyForDeploymentPostprocessing = 0;
		};
/* End PBXResourcesBuildPhase section */

/* Begin PBXSourcesBuildPhase section */
		AF59B2C6266D171300F3B9DE /* Sources */ = {
			isa = PBXSourcesBuildPhase;
			buildActionMask = 2147483647;
			files = (
				AF59B2D0266D171300F3B9DE /* RecipeListView.swift in Sources */,
				AF9E6BC7266DCA9A00D57289 /* RecipeModel.swift in Sources */,
				AF59B2CE266D171300F3B9DE /* PracticeApp.swift in Sources */,
				AF9E6BC5266DCA8700D57289 /* Recipe.swift in Sources */,
				AF9E6BCA266DCEA800D57289 /* DataService.swift in Sources */,
			);
			runOnlyForDeploymentPostprocessing = 0;
		};
/* End PBXSourcesBuildPhase section */

/* Begin XCBuildConfiguration section */
		AF59B2D7266D171400F3B9DE /* Debug */ = {
			isa = XCBuildConfiguration;
			buildSettings = {
				ALWAYS_SEARCH_USER_PATHS = NO;
				CLANG_ANALYZER_NONNULL = YES;
				CLANG_ANALYZER_NUMBER_OBJECT_CONVERSION = YES_AGGRESSIVE;
				CLANG_CXX_LANGUAGE_STANDARD = "gnu++14";
				CLANG_CXX_LIBRARY = "libc++";
				CLANG_ENABLE_MODULES = YES;
				CLANG_ENABLE_OBJC_ARC = YES;
				CLANG_ENABLE_OBJC_WEAK = YES;
				CLANG_WARN_BLOCK_CAPTURE_AUTORELEASING = YES;
				CLANG_WARN_BOOL_CONVERSION = YES;
				CLANG_WARN_COMMA = YES;
				CLANG_WARN_CONSTANT_CONVERSION = YES;
				CLANG_WARN_DEPRECATED_OBJC_IMPLEMENTATIONS = YES;
				CLANG_WARN_DIRECT_OBJC_ISA_USAGE = YES_ERROR;
				CLANG_WARN_DOCUMENTATION_COMMENTS = YES;
				CLANG_WARN_EMPTY_BODY = YES;
				CLANG_WARN_ENUM_CONVERSION = YES;
				CLANG_WARN_INFINITE_RECURSION = YES;
				CLANG_WARN_INT_CONVERSION = YES;
				CLANG_WARN_NON_LITERAL_NULL_CONVERSION = YES;
				CLANG_WARN_OBJC_IMPLICIT_RETAIN_SELF = YES;
				CLANG_WARN_OBJC_LITERAL_CONVERSION = YES;
				CLANG_WARN_OBJC_ROOT_CLASS = YES_ERROR;
				CLANG_WARN_QUOTED_INCLUDE_IN_FRAMEWORK_HEADER = YES;
				CLANG_WARN_RANGE_LOOP_ANALYSIS = YES;
				CLANG_WARN_STRICT_PROTOTYPES = YES;
				CLANG_WARN_SUSPICIOUS_MOVE = YES;
				CLANG_WARN_UNGUARDED_AVAILABILITY = YES_AGGRESSIVE;
				CLANG_WARN_UNREACHABLE_CODE = YES;
				CLANG_WARN__DUPLICATE_METHOD_MATCH = YES;
				COPY_PHASE_STRIP = NO;
				DEBUG_INFORMATION_FORMAT = dwarf;
				ENABLE_STRICT_OBJC_MSGSEND = YES;
				ENABLE_TESTABILITY = YES;
				GCC_C_LANGUAGE_STANDARD = gnu11;
				GCC_DYNAMIC_NO_PIC = NO;
				GCC_NO_COMMON_BLOCKS = YES;
				GCC_OPTIMIZATION_LEVEL = 0;
				GCC_PREPROCESSOR_DEFINITIONS = (
					"DEBUG=1",
					"$(inherited)",
				);
				GCC_WARN_64_TO_32_BIT_CONVERSION = YES;
				GCC_WARN_ABOUT_RETURN_TYPE = YES_ERROR;
				GCC_WARN_UNDECLARED_SELECTOR = YES;
				GCC_WARN_UNINITIALIZED_AUTOS = YES_AGGRESSIVE;
				GCC_WARN_UNUSED_FUNCTION = YES;
				GCC_WARN_UNUSED_VARIABLE = YES;
				IPHONEOS_DEPLOYMENT_TARGET = 14.5;
				MTL_ENABLE_DEBUG_INFO = INCLUDE_SOURCE;
				MTL_FAST_MATH = YES;
				ONLY_ACTIVE_ARCH = YES;
				SDKROOT = iphoneos;
				SWIFT_ACTIVE_COMPILATION_CONDITIONS = DEBUG;
				SWIFT_OPTIMIZATION_LEVEL = "-Onone";
			};
			name = Debug;
		};
		AF59B2D8266D171400F3B9DE /* Release */ = {
			isa = XCBuildConfiguration;
			buildSettings = {
				ALWAYS_SEARCH_USER_PATHS = NO;
				CLANG_ANALYZER_NONNULL = YES;
				CLANG_ANALYZER_NUMBER_OBJECT_CONVERSION = YES_AGGRESSIVE;
				CLANG_CXX_LANGUAGE_STANDARD = "gnu++14";
				CLANG_CXX_LIBRARY = "libc++";
				CLANG_ENABLE_MODULES = YES;
				CLANG_ENABLE_OBJC_ARC = YES;
				CLANG_ENABLE_OBJC_WEAK = YES;
				CLANG_WARN_BLOCK_CAPTURE_AUTORELEASING = YES;
				CLANG_WARN_BOOL_CONVERSION = YES;
				CLANG_WARN_COMMA = YES;
				CLANG_WARN_CONSTANT_CONVERSION = YES;
				CLANG_WARN_DEPRECATED_OBJC_IMPLEMENTATIONS = YES;
				CLANG_WARN_DIRECT_OBJC_ISA_USAGE = YES_ERROR;
				CLANG_WARN_DOCUMENTATION_COMMENTS = YES;
				CLANG_WARN_EMPTY_BODY = YES;
				CLANG_WARN_ENUM_CONVERSION = YES;
				CLANG_WARN_INFINITE_RECURSION = YES;
				CLANG_WARN_INT_CONVERSION = YES;
				CLANG_WARN_NON_LITERAL_NULL_CONVERSION = YES;
				CLANG_WARN_OBJC_IMPLICIT_RETAIN_SELF = YES;
				CLANG_WARN_OBJC_LITERAL_CONVERSION = YES;
				CLANG_WARN_OBJC_ROOT_CLASS = YES_ERROR;
				CLANG_WARN_QUOTED_INCLUDE_IN_FRAMEWORK_HEADER = YES;
				CLANG_WARN_RANGE_LOOP_ANALYSIS = YES;
				CLANG_WARN_STRICT_PROTOTYPES = YES;
				CLANG_WARN_SUSPICIOUS_MOVE = YES;
				CLANG_WARN_UNGUARDED_AVAILABILITY = YES_AGGRESSIVE;
				CLANG_WARN_UNREACHABLE_CODE = YES;
				CLANG_WARN__DUPLICATE_METHOD_MATCH = YES;
				COPY_PHASE_STRIP = NO;
				DEBUG_INFORMATION_FORMAT = "dwarf-with-dsym";
				ENABLE_NS_ASSERTIONS = NO;
				ENABLE_STRICT_OBJC_MSGSEND = YES;
				GCC_C_LANGUAGE_STANDARD = gnu11;
				GCC_NO_COMMON_BLOCKS = YES;
				GCC_WARN_64_TO_32_BIT_CONVERSION = YES;
				GCC_WARN_ABOUT_RETURN_TYPE = YES_ERROR;
				GCC_WARN_UNDECLARED_SELECTOR = YES;
				GCC_WARN_UNINITIALIZED_AUTOS = YES_AGGRESSIVE;
				GCC_WARN_UNUSED_FUNCTION = YES;
				GCC_WARN_UNUSED_VARIABLE = YES;
				IPHONEOS_DEPLOYMENT_TARGET = 14.5;
				MTL_ENABLE_DEBUG_INFO = NO;
				MTL_FAST_MATH = YES;
				SDKROOT = iphoneos;
				SWIFT_COMPILATION_MODE = wholemodule;
				SWIFT_OPTIMIZATION_LEVEL = "-O";
				VALIDATE_PRODUCT = YES;
			};
			name = Release;
		};
		AF59B2DA266D171400F3B9DE /* Debug */ = {
			isa = XCBuildConfiguration;
			buildSettings = {
				ASSETCATALOG_COMPILER_APPICON_NAME = AppIcon;
				ASSETCATALOG_COMPILER_GLOBAL_ACCENT_COLOR_NAME = AccentColor;
				CODE_SIGN_STYLE = Automatic;
				DEVELOPMENT_ASSET_PATHS = "\"Practice/Preview Content\"";
				DEVELOPMENT_TEAM = ZJPNRY558X;
				ENABLE_PREVIEWS = YES;
				INFOPLIST_FILE = Practice/Info.plist;
				IPHONEOS_DEPLOYMENT_TARGET = 14.0;
				LD_RUNPATH_SEARCH_PATHS = (
					"$(inherited)",
					"@executable_path/Frameworks",
				);
				PRODUCT_BUNDLE_IDENTIFIER = com.kushagrasinha.Practice;
				PRODUCT_NAME = "$(TARGET_NAME)";
				SWIFT_VERSION = 5.0;
				TARGETED_DEVICE_FAMILY = "1,2";
			};
			name = Debug;
		};
		AF59B2DB266D171400F3B9DE /* Release */ = {
			isa = XCBuildConfiguration;
			buildSettings = {
				ASSETCATALOG_COMPILER_APPICON_NAME = AppIcon;
				ASSETCATALOG_COMPILER_GLOBAL_ACCENT_COLOR_NAME = AccentColor;
				CODE_SIGN_STYLE = Automatic;
				DEVELOPMENT_ASSET_PATHS = "\"Practice/Preview Content\"";
				DEVELOPMENT_TEAM = ZJPNRY558X;
				ENABLE_PREVIEWS = YES;
				INFOPLIST_FILE = Practice/Info.plist;
				IPHONEOS_DEPLOYMENT_TARGET = 14.0;
				LD_RUNPATH_SEARCH_PATHS = (
					"$(inherited)",
					"@executable_path/Frameworks",
				);
				PRODUCT_BUNDLE_IDENTIFIER = com.kushagrasinha.Practice;
				PRODUCT_NAME = "$(TARGET_NAME)";
				SWIFT_VERSION = 5.0;
				TARGETED_DEVICE_FAMILY = "1,2";
			};
			name = Release;
		};
/* End XCBuildConfiguration section */

/* Begin XCConfigurationList section */
		AF59B2C5266D171300F3B9DE /* Build configuration list for PBXProject "Practice" */ = {
			isa = XCConfigurationList;
			buildConfigurations = (
				AF59B2D7266D171400F3B9DE /* Debug */,
				AF59B2D8266D171400F3B9DE /* Release */,
			);
			defaultConfigurationIsVisible = 0;
			defaultConfigurationName = Release;
		};
		AF59B2D9266D171400F3B9DE /* Build configuration list for PBXNativeTarget "Practice" */ = {
			isa = XCConfigurationList;
			buildConfigurations = (
				AF59B2DA266D171400F3B9DE /* Debug */,
				AF59B2DB266D171400F3B9DE /* Release */,
			);
			defaultConfigurationIsVisible = 0;
			defaultConfigurationName = Release;
		};
/* End XCConfigurationList section */
	};
	rootObject = AF59B2C2266D171300F3B9DE /* Project object */;
}
